
Microsoft Visual Studio Solution File, Format Version 12.00
# Visual Studio Version 17
VisualStudioVersion = 17.5.33516.290
MinimumVisualStudioVersion = 10.0.40219.1
Project("{FAE04EC0-301F-11D3-BF4B-00C04F79EFBC}") = "LinkedList", "LinkedList.csproj", "{D2E5A13F-F594-4C95-A034-9FC415E53982}"
EndProject
Global
	GlobalSection(SolutionConfigurationPlatforms) = preSolution
		Debug|Any CPU = Debug|Any CPU
		Release|Any CPU = Release|Any CPU
	EndGlobalSection
	GlobalSection(ProjectConfigurationPlatforms) = postSolution
		{D2E5A13F-F594-4C95-A034-9FC415E53982}.Debug|Any CPU.ActiveCfg = Debug|Any CPU
		{D2E5A13F-F594-4C95-A034-9FC415E53982}.Debug|Any CPU.Build.0 = Debug|Any CPU
		{D2E5A13F-F594-4C95-A034-9FC415E53982}.Release|Any CPU.ActiveCfg = Release|Any CPU
		{D2E5A13F-F594-4C95-A034-9FC415E53982}.Release|Any CPU.Build.0 = Release|Any CPU
	EndGlobalSection
	GlobalSection(SolutionProperties) = preSolution
		HideSolutionNode = FALSE
	EndGlobalSection
	GlobalSection(ExtensibilityGlobals) = postSolution
		SolutionGuid = {8001F42B-618F-421A-8549-D1F9F3D5297E}
	EndGlobalSection
EndGlobal
