
Microsoft Visual Studio Solution File, Format Version 12.00
# Visual Studio Version 17
VisualStudioVersion = 17.9.34701.34
MinimumVisualStudioVersion = 10.0.40219.1
Project("{FAE04EC0-301F-11D3-BF4B-00C04F79EFBC}") = "BinaryTree", "BinaryTree.csproj", "{B7189931-8CB1-4B91-A184-C194100B7433}"
EndProject
Global
	GlobalSection(SolutionConfigurationPlatforms) = preSolution
		Debug|Any CPU = Debug|Any CPU
		Release|Any CPU = Release|Any CPU
	EndGlobalSection
	GlobalSection(ProjectConfigurationPlatforms) = postSolution
		{B7189931-8CB1-4B91-A184-C194100B7433}.Debug|Any CPU.ActiveCfg = Debug|Any CPU
		{B7189931-8CB1-4B91-A184-C194100B7433}.Debug|Any CPU.Build.0 = Debug|Any CPU
		{B7189931-8CB1-4B91-A184-C194100B7433}.Release|Any CPU.ActiveCfg = Release|Any CPU
		{B7189931-8CB1-4B91-A184-C194100B7433}.Release|Any CPU.Build.0 = Release|Any CPU
	EndGlobalSection
	GlobalSection(SolutionProperties) = preSolution
		HideSolutionNode = FALSE
	EndGlobalSection
	GlobalSection(ExtensibilityGlobals) = postSolution
		SolutionGuid = {BABB2019-12DA-48F5-B160-68F692D2AF01}
	EndGlobalSection
EndGlobal
