
Microsoft Visual Studio Solution File, Format Version 12.00
# Visual Studio Version 17
VisualStudioVersion = 17.5.33516.290
MinimumVisualStudioVersion = 10.0.40219.1
Project("{FAE04EC0-301F-11D3-BF4B-00C04F79EFBC}") = "PlayerPosition", "PlayerPosition\PlayerPosition.csproj", "{390F5347-080E-4C5B-A956-92506F992BDE}"
EndProject
Project("{FAE04EC0-301F-11D3-BF4B-00C04F79EFBC}") = "PlayerPositionLib", "PlayerPositionLib\PlayerPositionLib.csproj", "{0428B1D5-F2C2-4681-BFF7-BB88879FDCC4}"
EndProject
Global
	GlobalSection(SolutionConfigurationPlatforms) = preSolution
		Debug|Any CPU = Debug|Any CPU
		Release|Any CPU = Release|Any CPU
	EndGlobalSection
	GlobalSection(ProjectConfigurationPlatforms) = postSolution
		{390F5347-080E-4C5B-A956-92506F992BDE}.Debug|Any CPU.ActiveCfg = Debug|Any CPU
		{390F5347-080E-4C5B-A956-92506F992BDE}.Debug|Any CPU.Build.0 = Debug|Any CPU
		{390F5347-080E-4C5B-A956-92506F992BDE}.Release|Any CPU.ActiveCfg = Release|Any CPU
		{390F5347-080E-4C5B-A956-92506F992BDE}.Release|Any CPU.Build.0 = Release|Any CPU
		{0428B1D5-F2C2-4681-BFF7-BB88879FDCC4}.Debug|Any CPU.ActiveCfg = Debug|Any CPU
		{0428B1D5-F2C2-4681-BFF7-BB88879FDCC4}.Debug|Any CPU.Build.0 = Debug|Any CPU
		{0428B1D5-F2C2-4681-BFF7-BB88879FDCC4}.Release|Any CPU.ActiveCfg = Release|Any CPU
		{0428B1D5-F2C2-4681-BFF7-BB88879FDCC4}.Release|Any CPU.Build.0 = Release|Any CPU
	EndGlobalSection
	GlobalSection(SolutionProperties) = preSolution
		HideSolutionNode = FALSE
	EndGlobalSection
	GlobalSection(ExtensibilityGlobals) = postSolution
		SolutionGuid = {642EFE02-0A8F-4E81-9710-9DCE9CE7406B}
	EndGlobalSection
EndGlobal
